
Microsoft Visual Studio Solution File, Format Version 12.00
# Visual Studio 14
VisualStudioVersion = 14.0.23107.0
MinimumVisualStudioVersion = 10.0.40219.1
Project("{FAE04EC0-301F-11D3-BF4B-00C04F79EFBC}") = "JigsawPuzzleSolver", "JigsawPuzzleSolver\JigsawPuzzleSolver.csproj", "{9223CFF7-718E-4FA9-B997-81CA57AE308C}"
	ProjectSection(ProjectDependencies) = postProject
		{2CF94154-BB35-4E3D-8D7F-1735C3346BA4} = {2CF94154-BB35-4E3D-8D7F-1735C3346BA4}
		{9CDD335C-5349-4A1B-A8D9-AF757B185CB1} = {9CDD335C-5349-4A1B-A8D9-AF757B185CB1}
		{AB4C5075-6A6D-4E82-8A0B-6C8BBF0540E7} = {AB4C5075-6A6D-4E82-8A0B-6C8BBF0540E7}
		{0DD522F9-42DB-497B-AA8D-1B34660E6981} = {0DD522F9-42DB-497B-AA8D-1B34660E6981}
	EndProjectSection
EndProject
Project("{2150E333-8FDC-42A3-9474-1A3956D46DE8}") = "Solution Items", "Solution Items", "{4119F57F-52B3-4A6A-9CD4-0892F86E5C73}"
	ProjectSection(SolutionItems) = preProject
		CHANGELOG.md = CHANGELOG.md
		README.md = README.md
	EndProjectSection
EndProject
Project("{FAE04EC0-301F-11D3-BF4B-00C04F79EFBC}") = "LogBox", "LogBox\LogBox.csproj", "{AB4C5075-6A6D-4E82-8A0B-6C8BBF0540E7}"
EndProject
Project("{FAE04EC0-301F-11D3-BF4B-00C04F79EFBC}") = "ImageGallery", "ImageGallery\ImageGallery.csproj", "{0DD522F9-42DB-497B-AA8D-1B34660E6981}"
EndProject
Project("{FAE04EC0-301F-11D3-BF4B-00C04F79EFBC}") = "CircularProgressBar", "CircularProgressBar\CircularProgressBar.csproj", "{9CDD335C-5349-4A1B-A8D9-AF757B185CB1}"
EndProject
Project("{FAE04EC0-301F-11D3-BF4B-00C04F79EFBC}") = "TextBlockPathEllipsis", "TextBlockPathEllipsis\TextBlockPathEllipsis.csproj", "{2CF94154-BB35-4E3D-8D7F-1735C3346BA4}"
EndProject
Global
	GlobalSection(SolutionConfigurationPlatforms) = preSolution
		Debug|Any CPU = Debug|Any CPU
		Release|Any CPU = Release|Any CPU
	EndGlobalSection
	GlobalSection(ProjectConfigurationPlatforms) = postSolution
		{9223CFF7-718E-4FA9-B997-81CA57AE308C}.Debug|Any CPU.ActiveCfg = Debug|Any CPU
		{9223CFF7-718E-4FA9-B997-81CA57AE308C}.Debug|Any CPU.Build.0 = Debug|Any CPU
		{9223CFF7-718E-4FA9-B997-81CA57AE308C}.Release|Any CPU.ActiveCfg = Release|Any CPU
		{9223CFF7-718E-4FA9-B997-81CA57AE308C}.Release|Any CPU.Build.0 = Release|Any CPU
		{AB4C5075-6A6D-4E82-8A0B-6C8BBF0540E7}.Debug|Any CPU.ActiveCfg = Debug|Any CPU
		{AB4C5075-6A6D-4E82-8A0B-6C8BBF0540E7}.Debug|Any CPU.Build.0 = Debug|Any CPU
		{AB4C5075-6A6D-4E82-8A0B-6C8BBF0540E7}.Release|Any CPU.ActiveCfg = Release|Any CPU
		{AB4C5075-6A6D-4E82-8A0B-6C8BBF0540E7}.Release|Any CPU.Build.0 = Release|Any CPU
		{0DD522F9-42DB-497B-AA8D-1B34660E6981}.Debug|Any CPU.ActiveCfg = Debug|Any CPU
		{0DD522F9-42DB-497B-AA8D-1B34660E6981}.Debug|Any CPU.Build.0 = Debug|Any CPU
		{0DD522F9-42DB-497B-AA8D-1B34660E6981}.Release|Any CPU.ActiveCfg = Release|Any CPU
		{0DD522F9-42DB-497B-AA8D-1B34660E6981}.Release|Any CPU.Build.0 = Release|Any CPU
		{9CDD335C-5349-4A1B-A8D9-AF757B185CB1}.Debug|Any CPU.ActiveCfg = Debug|Any CPU
		{9CDD335C-5349-4A1B-A8D9-AF757B185CB1}.Debug|Any CPU.Build.0 = Debug|Any CPU
		{9CDD335C-5349-4A1B-A8D9-AF757B185CB1}.Release|Any CPU.ActiveCfg = Release|Any CPU
		{9CDD335C-5349-4A1B-A8D9-AF757B185CB1}.Release|Any CPU.Build.0 = Release|Any CPU
		{2CF94154-BB35-4E3D-8D7F-1735C3346BA4}.Debug|Any CPU.ActiveCfg = Debug|Any CPU
		{2CF94154-BB35-4E3D-8D7F-1735C3346BA4}.Debug|Any CPU.Build.0 = Debug|Any CPU
		{2CF94154-BB35-4E3D-8D7F-1735C3346BA4}.Release|Any CPU.ActiveCfg = Release|Any CPU
		{2CF94154-BB35-4E3D-8D7F-1735C3346BA4}.Release|Any CPU.Build.0 = Release|Any CPU
	EndGlobalSection
	GlobalSection(SolutionProperties) = preSolution
		HideSolutionNode = FALSE
	EndGlobalSection
	GlobalSection(ExtensibilityGlobals) = postSolution
		SolutionGuid = {C5499838-4DF2-40FE-865C-FFD4E12E45FB}
	EndGlobalSection
EndGlobal
